
Microsoft Visual Studio Solution File, Format Version 12.00
# Visual Studio Version 16
VisualStudioVersion = 16.0.30611.23
MinimumVisualStudioVersion = 10.0.40219.1
Project("{FAE04EC0-301F-11D3-BF4B-00C04F79EFBC}") = "FE", "Vitas-Stock\FE.csproj", "{37851679-371D-4B3F-8AA2-6F4AFC90DC88}"
EndProject
Project("{FAE04EC0-301F-11D3-BF4B-00C04F79EFBC}") = "BA", "BA\BA.csproj", "{A8049DE2-260E-451F-8C9A-28CA35A289C6}"
EndProject
Global
	GlobalSection(SolutionConfigurationPlatforms) = preSolution
		Debug|Any CPU = Debug|Any CPU
		Release|Any CPU = Release|Any CPU
	EndGlobalSection
	GlobalSection(ProjectConfigurationPlatforms) = postSolution
		{37851679-371D-4B3F-8AA2-6F4AFC90DC88}.Debug|Any CPU.ActiveCfg = Debug|Any CPU
		{37851679-371D-4B3F-8AA2-6F4AFC90DC88}.Debug|Any CPU.Build.0 = Debug|Any CPU
		{37851679-371D-4B3F-8AA2-6F4AFC90DC88}.Release|Any CPU.ActiveCfg = Release|Any CPU
		{37851679-371D-4B3F-8AA2-6F4AFC90DC88}.Release|Any CPU.Build.0 = Release|Any CPU
		{A8049DE2-260E-451F-8C9A-28CA35A289C6}.Debug|Any CPU.ActiveCfg = Debug|Any CPU
		{A8049DE2-260E-451F-8C9A-28CA35A289C6}.Debug|Any CPU.Build.0 = Debug|Any CPU
		{A8049DE2-260E-451F-8C9A-28CA35A289C6}.Release|Any CPU.ActiveCfg = Release|Any CPU
		{A8049DE2-260E-451F-8C9A-28CA35A289C6}.Release|Any CPU.Build.0 = Release|Any CPU
	EndGlobalSection
	GlobalSection(SolutionProperties) = preSolution
		HideSolutionNode = FALSE
	EndGlobalSection
	GlobalSection(ExtensibilityGlobals) = postSolution
		SolutionGuid = {00468F6E-E254-4D32-8AC5-C47D1F060F21}
	EndGlobalSection
EndGlobal
